
Microsoft Visual Studio Solution File, Format Version 12.00
# Visual Studio Version 17
VisualStudioVersion = 17.8.34511.84
MinimumVisualStudioVersion = 10.0.40219.1
Project("{FAE04EC0-301F-11D3-BF4B-00C04F79EFBC}") = "IntegerGameKeyGensVS", "IntegerGameKeyGensVS.csproj", "{112E255E-EF03-4FF0-B43A-82C4FE89F0C0}"
EndProject
Global
	GlobalSection(SolutionConfigurationPlatforms) = preSolution
		Debug|Any CPU = Debug|Any CPU
		Release|Any CPU = Release|Any CPU
	EndGlobalSection
	GlobalSection(ProjectConfigurationPlatforms) = postSolution
		{112E255E-EF03-4FF0-B43A-82C4FE89F0C0}.Debug|Any CPU.ActiveCfg = Debug|Any CPU
		{112E255E-EF03-4FF0-B43A-82C4FE89F0C0}.Debug|Any CPU.Build.0 = Debug|Any CPU
		{112E255E-EF03-4FF0-B43A-82C4FE89F0C0}.Release|Any CPU.ActiveCfg = Release|Any CPU
		{112E255E-EF03-4FF0-B43A-82C4FE89F0C0}.Release|Any CPU.Build.0 = Release|Any CPU
	EndGlobalSection
	GlobalSection(SolutionProperties) = preSolution
		HideSolutionNode = FALSE
	EndGlobalSection
	GlobalSection(ExtensibilityGlobals) = postSolution
		SolutionGuid = {F3B795B1-24A7-426F-A218-F2435EC0ACB5}
	EndGlobalSection
EndGlobal
